
Microsoft Visual Studio Solution File, Format Version 12.00
# Visual Studio Version 17
VisualStudioVersion = 17.9.34701.34
MinimumVisualStudioVersion = 10.0.40219.1
Project("{FAE04EC0-301F-11D3-BF4B-00C04F79EFBC}") = "EmployeeManagementSystemApp", "EmployeeManagementSystemApp\EmployeeManagementSystemApp.csproj", "{EBD8614E-1CD8-4FA3-B83D-AC94F10FBA7A}"
EndProject
Global
	GlobalSection(SolutionConfigurationPlatforms) = preSolution
		Debug|Any CPU = Debug|Any CPU
		Release|Any CPU = Release|Any CPU
	EndGlobalSection
	GlobalSection(ProjectConfigurationPlatforms) = postSolution
		{EBD8614E-1CD8-4FA3-B83D-AC94F10FBA7A}.Debug|Any CPU.ActiveCfg = Debug|Any CPU
		{EBD8614E-1CD8-4FA3-B83D-AC94F10FBA7A}.Debug|Any CPU.Build.0 = Debug|Any CPU
		{EBD8614E-1CD8-4FA3-B83D-AC94F10FBA7A}.Release|Any CPU.ActiveCfg = Release|Any CPU
		{EBD8614E-1CD8-4FA3-B83D-AC94F10FBA7A}.Release|Any CPU.Build.0 = Release|Any CPU
	EndGlobalSection
	GlobalSection(SolutionProperties) = preSolution
		HideSolutionNode = FALSE
	EndGlobalSection
	GlobalSection(ExtensibilityGlobals) = postSolution
		SolutionGuid = {40C52617-625A-424C-9DC2-25E795615A19}
	EndGlobalSection
EndGlobal
